// !$*UTF8*$!
{
	archiveVersion = 1;
	classes = {
	};
	objectVersion = 55;
	objects = {

/* Begin PBXBuildFile section */
		33C7D4B763212262F0A8F105 /* Pods_Charts_Tutorial.framework in Frameworks */ = {isa = PBXBuildFile; fileRef = 82060700B7366087D5D9C9B1 /* Pods_Charts_Tutorial.framework */; };
		C79C92FA27BC62CD0063DCE4 /* AppDelegate.swift in Sources */ = {isa = PBXBuildFile; fileRef = C79C92F927BC62CD0063DCE4 /* AppDelegate.swift */; };
		C79C92FC27BC62CD0063DCE4 /* SceneDelegate.swift in Sources */ = {isa = PBXBuildFile; fileRef = C79C92FB27BC62CD0063DCE4 /* SceneDelegate.swift */; };
		C79C92FE27BC62CD0063DCE4 /* ViewController.swift in Sources */ = {isa = PBXBuildFile; fileRef = C79C92FD27BC62CD0063DCE4 /* ViewController.swift */; };
		C79C930127BC62CD0063DCE4 /* Main.storyboard in Resources */ = {isa = PBXBuildFile; fileRef = C79C92FF27BC62CD0063DCE4 /* Main.storyboard */; };
		C79C930327BC62CF0063DCE4 /* Assets.xcassets in Resources */ = {isa = PBXBuildFile; fileRef = C79C930227BC62CF0063DCE4 /* Assets.xcassets */; };
		C79C930627BC62CF0063DCE4 /* LaunchScreen.storyboard in Resources */ = {isa = PBXBuildFile; fileRef = C79C930427BC62CF0063DCE4 /* LaunchScreen.storyboard */; };
/* End PBXBuildFile section */

/* Begin PBXFileReference section */
		82060700B7366087D5D9C9B1 /* Pods_Charts_Tutorial.framework */ = {isa = PBXFileReference; explicitFileType = wrapper.framework; includeInIndex = 0; path = Pods_Charts_Tutorial.framework; sourceTree = BUILT_PRODUCTS_DIR; };
		889F1FCF8F3EDF31A264A38E /* Pods-Charts-Tutorial.release.xcconfig */ = {isa = PBXFileReference; includeInIndex = 1; lastKnownFileType = text.xcconfig; name = "Pods-Charts-Tutorial.release.xcconfig"; path = "Target Support Files/Pods-Charts-Tutorial/Pods-Charts-Tutorial.release.xcconfig"; sourceTree = "<group>"; };
		C79C92F627BC62CD0063DCE4 /* Charts-Tutorial.app */ = {isa = PBXFileReference; explicitFileType = wrapper.application; includeInIndex = 0; path = "Charts-Tutorial.app"; sourceTree = BUILT_PRODUCTS_DIR; };
		C79C92F927BC62CD0063DCE4 /* AppDelegate.swift */ = {isa = PBXFileReference; lastKnownFileType = sourcecode.swift; path = AppDelegate.swift; sourceTree = "<group>"; };
		C79C92FB27BC62CD0063DCE4 /* SceneDelegate.swift */ = {isa = PBXFileReference; lastKnownFileType = sourcecode.swift; path = SceneDelegate.swift; sourceTree = "<group>"; };
		C79C92FD27BC62CD0063DCE4 /* ViewController.swift */ = {isa = PBXFileReference; lastKnownFileType = sourcecode.swift; path = ViewController.swift; sourceTree = "<group>"; };
		C79C930027BC62CD0063DCE4 /* Base */ = {isa = PBXFileReference; lastKnownFileType = file.storyboard; name = Base; path = Base.lproj/Main.storyboard; sourceTree = "<group>"; };
		C79C930227BC62CF0063DCE4 /* Assets.xcassets */ = {isa = PBXFileReference; lastKnownFileType = folder.assetcatalog; path = Assets.xcassets; sourceTree = "<group>"; };
		C79C930527BC62CF0063DCE4 /* Base */ = {isa = PBXFileReference; lastKnownFileType = file.storyboard; name = Base; path = Base.lproj/LaunchScreen.storyboard; sourceTree = "<group>"; };
		C79C930727BC62CF0063DCE4 /* Info.plist */ = {isa = PBXFileReference; lastKnownFileType = text.plist.xml; path = Info.plist; sourceTree = "<group>"; };
		FC97DE4932CFBEDCDB346E36 /* Pods-Charts-Tutorial.debug.xcconfig */ = {isa = PBXFileReference; includeInIndex = 1; lastKnownFileType = text.xcconfig; name = "Pods-Charts-Tutorial.debug.xcconfig"; path = "Target Support Files/Pods-Charts-Tutorial/Pods-Charts-Tutorial.debug.xcconfig"; sourceTree = "<group>"; };
/* End PBXFileReference section */

/* Begin PBXFrameworksBuildPhase section */
		C79C92F327BC62CD0063DCE4 /* Frameworks */ = {
			isa = PBXFrameworksBuildPhase;
			buildActionMask = 2147483647;
			files = (
				33C7D4B763212262F0A8F105 /* Pods_Charts_Tutorial.framework in Frameworks */,
			);
			runOnlyForDeploymentPostprocessing = 0;
		};
/* End PBXFrameworksBuildPhase section */

/* Begin PBXGroup section */
		8ECA5D189488D00ACF25A9DE /* Frameworks */ = {
			isa = PBXGroup;
			children = (
				82060700B7366087D5D9C9B1 /* Pods_Charts_Tutorial.framework */,
			);
			name = Frameworks;
			sourceTree = "<group>";
		};
		C79C92ED27BC62CD0063DCE4 = {
			isa = PBXGroup;
			children = (
				C79C92F827BC62CD0063DCE4 /* Charts-Tutorial */,
				C79C92F727BC62CD0063DCE4 /* Products */,
				D1AB6E73B02F470BA5810C46 /* Pods */,
				8ECA5D189488D00ACF25A9DE /* Frameworks */,
			);
			sourceTree = "<group>";
		};
		C79C92F727BC62CD0063DCE4 /* Products */ = {
			isa = PBXGroup;
			children = (
				C79C92F627BC62CD0063DCE4 /* Charts-Tutorial.app */,
			);
			name = Products;
			sourceTree = "<group>";
		};
		C79C92F827BC62CD0063DCE4 /* Charts-Tutorial */ = {
			isa = PBXGroup;
			children = (
				C79C92F927BC62CD0063DCE4 /* AppDelegate.swift */,
				C79C92FB27BC62CD0063DCE4 /* SceneDelegate.swift */,
				C79C92FD27BC62CD0063DCE4 /* ViewController.swift */,
				C79C92FF27BC62CD0063DCE4 /* Main.storyboard */,
				C79C930227BC62CF0063DCE4 /* Assets.xcassets */,
				C79C930427BC62CF0063DCE4 /* LaunchScreen.storyboard */,
				C79C930727BC62CF0063DCE4 /* Info.plist */,
			);
			path = "Charts-Tutorial";
			sourceTree = "<group>";
		};
		D1AB6E73B02F470BA5810C46 /* Pods */ = {
			isa = PBXGroup;
			children = (
				FC97DE4932CFBEDCDB346E36 /* Pods-Charts-Tutorial.debug.xcconfig */,
				889F1FCF8F3EDF31A264A38E /* Pods-Charts-Tutorial.release.xcconfig */,
			);
			path = Pods;
			sourceTree = "<group>";
		};
/* End PBXGroup section */

/* Begin PBXNativeTarget section */
		C79C92F527BC62CD0063DCE4 /* Charts-Tutorial */ = {
			isa = PBXNativeTarget;
			buildConfigurationList = C79C930A27BC62CF0063DCE4 /* Build configuration list for PBXNativeTarget "Charts-Tutorial" */;
			buildPhases = (
				D1D06C2A64882D9193E92C59 /* [CP] Check Pods Manifest.lock */,
				C79C92F227BC62CD0063DCE4 /* Sources */,
				C79C92F327BC62CD0063DCE4 /* Frameworks */,
				C79C92F427BC62CD0063DCE4 /* Resources */,
				DB03F4A19989AB6E5F2FB01D /* [CP] Embed Pods Frameworks */,
			);
			buildRules = (
			);
			dependencies = (
			);
			name = "Charts-Tutorial";
			productName = "Charts-Tutorial";
			productReference = C79C92F627BC62CD0063DCE4 /* Charts-Tutorial.app */;
			productType = "com.apple.product-type.application";
		};
/* End PBXNativeTarget section */

/* Begin PBXProject section */
		C79C92EE27BC62CD0063DCE4 /* Project object */ = {
			isa = PBXProject;
			attributes = {
				BuildIndependentTargetsInParallel = 1;
				LastSwiftUpdateCheck = 1320;
				LastUpgradeCheck = 1320;
				TargetAttributes = {
					C79C92F527BC62CD0063DCE4 = {
						CreatedOnToolsVersion = 13.2.1;
					};
				};
			};
			buildConfigurationList = C79C92F127BC62CD0063DCE4 /* Build configuration list for PBXProject "Charts-Tutorial" */;
			compatibilityVersion = "Xcode 13.0";
			developmentRegion = en;
			hasScannedForEncodings = 0;
			knownRegions = (
				en,
				Base,
			);
			mainGroup = C79C92ED27BC62CD0063DCE4;
			productRefGroup = C79C92F727BC62CD0063DCE4 /* Products */;
			projectDirPath = "";
			projectRoot = "";
			targets = (
				C79C92F527BC62CD0063DCE4 /* Charts-Tutorial */,
			);
		};
/* End PBXProject section */

/* Begin PBXResourcesBuildPhase section */
		C79C92F427BC62CD0063DCE4 /* Resources */ = {
			isa = PBXResourcesBuildPhase;
			buildActionMask = 2147483647;
			files = (
				C79C930627BC62CF0063DCE4 /* LaunchScreen.storyboard in Resources */,
				C79C930327BC62CF0063DCE4 /* Assets.xcassets in Resources */,
				C79C930127BC62CD0063DCE4 /* Main.storyboard in Resources */,
			);
			runOnlyForDeploymentPostprocessing = 0;
		};
/* End PBXResourcesBuildPhase section */

/* Begin PBXShellScriptBuildPhase section */
		D1D06C2A64882D9193E92C59 /* [CP] Check Pods Manifest.lock */ = {
			isa = PBXShellScriptBuildPhase;
			buildActionMask = 2147483647;
			files = (
			);
			inputFileListPaths = (
			);
			inputPaths = (
				"${PODS_PODFILE_DIR_PATH}/Podfile.lock",
				"${PODS_ROOT}/Manifest.lock",
			);
			name = "[CP] Check Pods Manifest.lock";
			outputFileListPaths = (
			);
			outputPaths = (
				"$(DERIVED_FILE_DIR)/Pods-Charts-Tutorial-checkManifestLockResult.txt",
			);
			runOnlyForDeploymentPostprocessing = 0;
			shellPath = /bin/sh;
			shellScript = "diff \"${PODS_PODFILE_DIR_PATH}/Podfile.lock\" \"${PODS_ROOT}/Manifest.lock\" > /dev/null\nif [ $? != 0 ] ; then\n    # print error to STDERR\n    echo \"error: The sandbox is not in sync with the Podfile.lock. Run 'pod install' or update your CocoaPods installation.\" >&2\n    exit 1\nfi\n# This output is used by Xcode 'outputs' to avoid re-running this script phase.\necho \"SUCCESS\" > \"${SCRIPT_OUTPUT_FILE_0}\"\n";
			showEnvVarsInLog = 0;
		};
		DB03F4A19989AB6E5F2FB01D /* [CP] Embed Pods Frameworks */ = {
			isa = PBXShellScriptBuildPhase;
			buildActionMask = 2147483647;
			files = (
			);
			inputFileListPaths = (
				"${PODS_ROOT}/Target Support Files/Pods-Charts-Tutorial/Pods-Charts-Tutorial-frameworks-${CONFIGURATION}-input-files.xcfilelist",
			);
			name = "[CP] Embed Pods Frameworks";
			outputFileListPaths = (
				"${PODS_ROOT}/Target Support Files/Pods-Charts-Tutorial/Pods-Charts-Tutorial-frameworks-${CONFIGURATION}-output-files.xcfilelist",
			);
			runOnlyForDeploymentPostprocessing = 0;
			shellPath = /bin/sh;
			shellScript = "\"${PODS_ROOT}/Target Support Files/Pods-Charts-Tutorial/Pods-Charts-Tutorial-frameworks.sh\"\n";
			showEnvVarsInLog = 0;
		};
/* End PBXShellScriptBuildPhase section */

/* Begin PBXSourcesBuildPhase section */
		C79C92F227BC62CD0063DCE4 /* Sources */ = {
			isa = PBXSourcesBuildPhase;
			buildActionMask = 2147483647;
			files = (
				C79C92FE27BC62CD0063DCE4 /* ViewController.swift in Sources */,
				C79C92FA27BC62CD0063DCE4 /* AppDelegate.swift in Sources */,
				C79C92FC27BC62CD0063DCE4 /* SceneDelegate.swift in Sources */,
			);
			runOnlyForDeploymentPostprocessing = 0;
		};
/* End PBXSourcesBuildPhase section */

/* Begin PBXVariantGroup section */
		C79C92FF27BC62CD0063DCE4 /* Main.storyboard */ = {
			isa = PBXVariantGroup;
			children = (
				C79C930027BC62CD0063DCE4 /* Base */,
			);
			name = Main.storyboard;
			sourceTree = "<group>";
		};
		C79C930427BC62CF0063DCE4 /* LaunchScreen.storyboard */ = {
			isa = PBXVariantGroup;
			children = (
				C79C930527BC62CF0063DCE4 /* Base */,
			);
			name = LaunchScreen.storyboard;
			sourceTree = "<group>";
		};
/* End PBXVariantGroup section */

/* Begin XCBuildConfiguration section */
		C79C930827BC62CF0063DCE4 /* Debug */ = {
			isa = XCBuildConfiguration;
			buildSettings = {
				ALWAYS_SEARCH_USER_PATHS = NO;
				CLANG_ANALYZER_NONNULL = YES;
				CLANG_ANALYZER_NUMBER_OBJECT_CONVERSION = YES_AGGRESSIVE;
				CLANG_CXX_LANGUAGE_STANDARD = "gnu++17";
				CLANG_CXX_LIBRARY = "libc++";
				CLANG_ENABLE_MODULES = YES;
				CLANG_ENABLE_OBJC_ARC = YES;
				CLANG_ENABLE_OBJC_WEAK = YES;
				CLANG_WARN_BLOCK_CAPTURE_AUTORELEASING = YES;
				CLANG_WARN_BOOL_CONVERSION = YES;
				CLANG_WARN_COMMA = YES;
				CLANG_WARN_CONSTANT_CONVERSION = YES;
				CLANG_WARN_DEPRECATED_OBJC_IMPLEMENTATIONS = YES;
				CLANG_WARN_DIRECT_OBJC_ISA_USAGE = YES_ERROR;
				CLANG_WARN_DOCUMENTATION_COMMENTS = YES;
				CLANG_WARN_EMPTY_BODY = YES;
				CLANG_WARN_ENUM_CONVERSION = YES;
				CLANG_WARN_INFINITE_RECURSION = YES;
				CLANG_WARN_INT_CONVERSION = YES;
				CLANG_WARN_NON_LITERAL_NULL_CONVERSION = YES;
				CLANG_WARN_OBJC_IMPLICIT_RETAIN_SELF = YES;
				CLANG_WARN_OBJC_LITERAL_CONVERSION = YES;
				CLANG_WARN_OBJC_ROOT_CLASS = YES_ERROR;
				CLANG_WARN_QUOTED_INCLUDE_IN_FRAMEWORK_HEADER = YES;
				CLANG_WARN_RANGE_LOOP_ANALYSIS = YES;
				CLANG_WARN_STRICT_PROTOTYPES = YES;
				CLANG_WARN_SUSPICIOUS_MOVE = YES;
				CLANG_WARN_UNGUARDED_AVAILABILITY = YES_AGGRESSIVE;
				CLANG_WARN_UNREACHABLE_CODE = YES;
				CLANG_WARN__DUPLICATE_METHOD_MATCH = YES;
				COPY_PHASE_STRIP = NO;
				DEBUG_INFORMATION_FORMAT = dwarf;
				ENABLE_STRICT_OBJC_MSGSEND = YES;
				ENABLE_TESTABILITY = YES;
				GCC_C_LANGUAGE_STANDARD = gnu11;
				GCC_DYNAMIC_NO_PIC = NO;
				GCC_NO_COMMON_BLOCKS = YES;
				GCC_OPTIMIZATION_LEVEL = 0;
				GCC_PREPROCESSOR_DEFINITIONS = (
					"DEBUG=1",
					"$(inherited)",
				);
				GCC_WARN_64_TO_32_BIT_CONVERSION = YES;
				GCC_WARN_ABOUT_RETURN_TYPE = YES_ERROR;
				GCC_WARN_UNDECLARED_SELECTOR = YES;
				GCC_WARN_UNINITIALIZED_AUTOS = YES_AGGRESSIVE;
				GCC_WARN_UNUSED_FUNCTION = YES;
				GCC_WARN_UNUSED_VARIABLE = YES;
				IPHONEOS_DEPLOYMENT_TARGET = 15.2;
				MTL_ENABLE_DEBUG_INFO = INCLUDE_SOURCE;
				MTL_FAST_MATH = YES;
				ONLY_ACTIVE_ARCH = YES;
				SDKROOT = iphoneos;
				SWIFT_ACTIVE_COMPILATION_CONDITIONS = DEBUG;
				SWIFT_OPTIMIZATION_LEVEL = "-Onone";
			};
			name = Debug;
		};
		C79C930927BC62CF0063DCE4 /* Release */ = {
			isa = XCBuildConfiguration;
			buildSettings = {
				ALWAYS_SEARCH_USER_PATHS = NO;
				CLANG_ANALYZER_NONNULL = YES;
				CLANG_ANALYZER_NUMBER_OBJECT_CONVERSION = YES_AGGRESSIVE;
				CLANG_CXX_LANGUAGE_STANDARD = "gnu++17";
				CLANG_CXX_LIBRARY = "libc++";
				CLANG_ENABLE_MODULES = YES;
				CLANG_ENABLE_OBJC_ARC = YES;
				CLANG_ENABLE_OBJC_WEAK = YES;
				CLANG_WARN_BLOCK_CAPTURE_AUTORELEASING = YES;
				CLANG_WARN_BOOL_CONVERSION = YES;
				CLANG_WARN_COMMA = YES;
				CLANG_WARN_CONSTANT_CONVERSION = YES;
				CLANG_WARN_DEPRECATED_OBJC_IMPLEMENTATIONS = YES;
				CLANG_WARN_DIRECT_OBJC_ISA_USAGE = YES_ERROR;
				CLANG_WARN_DOCUMENTATION_COMMENTS = YES;
				CLANG_WARN_EMPTY_BODY = YES;
				CLANG_WARN_ENUM_CONVERSION = YES;
				CLANG_WARN_INFINITE_RECURSION = YES;
				CLANG_WARN_INT_CONVERSION = YES;
				CLANG_WARN_NON_LITERAL_NULL_CONVERSION = YES;
				CLANG_WARN_OBJC_IMPLICIT_RETAIN_SELF = YES;
				CLANG_WARN_OBJC_LITERAL_CONVERSION = YES;
				CLANG_WARN_OBJC_ROOT_CLASS = YES_ERROR;
				CLANG_WARN_QUOTED_INCLUDE_IN_FRAMEWORK_HEADER = YES;
				CLANG_WARN_RANGE_LOOP_ANALYSIS = YES;
				CLANG_WARN_STRICT_PROTOTYPES = YES;
				CLANG_WARN_SUSPICIOUS_MOVE = YES;
				CLANG_WARN_UNGUARDED_AVAILABILITY = YES_AGGRESSIVE;
				CLANG_WARN_UNREACHABLE_CODE = YES;
				CLANG_WARN__DUPLICATE_METHOD_MATCH = YES;
				COPY_PHASE_STRIP = NO;
				DEBUG_INFORMATION_FORMAT = "dwarf-with-dsym";
				ENABLE_NS_ASSERTIONS = NO;
				ENABLE_STRICT_OBJC_MSGSEND = YES;
				GCC_C_LANGUAGE_STANDARD = gnu11;
				GCC_NO_COMMON_BLOCKS = YES;
				GCC_WARN_64_TO_32_BIT_CONVERSION = YES;
				GCC_WARN_ABOUT_RETURN_TYPE = YES_ERROR;
				GCC_WARN_UNDECLARED_SELECTOR = YES;
				GCC_WARN_UNINITIALIZED_AUTOS = YES_AGGRESSIVE;
				GCC_WARN_UNUSED_FUNCTION = YES;
				GCC_WARN_UNUSED_VARIABLE = YES;
				IPHONEOS_DEPLOYMENT_TARGET = 15.2;
				MTL_ENABLE_DEBUG_INFO = NO;
				MTL_FAST_MATH = YES;
				SDKROOT = iphoneos;
				SWIFT_COMPILATION_MODE = wholemodule;
				SWIFT_OPTIMIZATION_LEVEL = "-O";
				VALIDATE_PRODUCT = YES;
			};
			name = Release;
		};
		C79C930B27BC62CF0063DCE4 /* Debug */ = {
			isa = XCBuildConfiguration;
			baseConfigurationReference = FC97DE4932CFBEDCDB346E36 /* Pods-Charts-Tutorial.debug.xcconfig */;
			buildSettings = {
				ASSETCATALOG_COMPILER_APPICON_NAME = AppIcon;
				ASSETCATALOG_COMPILER_GLOBAL_ACCENT_COLOR_NAME = AccentColor;
				CODE_SIGN_STYLE = Automatic;
				CURRENT_PROJECT_VERSION = 1;
				DEVELOPMENT_TEAM = S6R55N8Z8S;
				GENERATE_INFOPLIST_FILE = YES;
				INFOPLIST_FILE = "Charts-Tutorial/Info.plist";
				INFOPLIST_KEY_UIApplicationSupportsIndirectInputEvents = YES;
				INFOPLIST_KEY_UILaunchStoryboardName = LaunchScreen;
				INFOPLIST_KEY_UIMainStoryboardFile = Main;
				INFOPLIST_KEY_UISupportedInterfaceOrientations_iPad = "UIInterfaceOrientationPortrait UIInterfaceOrientationPortraitUpsideDown UIInterfaceOrientationLandscapeLeft UIInterfaceOrientationLandscapeRight";
				INFOPLIST_KEY_UISupportedInterfaceOrientations_iPhone = "UIInterfaceOrientationPortrait UIInterfaceOrientationLandscapeLeft UIInterfaceOrientationLandscapeRight";
				IPHONEOS_DEPLOYMENT_TARGET = 15.0;
				LD_RUNPATH_SEARCH_PATHS = (
					"$(inherited)",
					"@executable_path/Frameworks",
				);
				MARKETING_VERSION = 1.0;
				PRODUCT_BUNDLE_IDENTIFIER = "com.karteikaydhuper.Charts-Tutorial";
				PRODUCT_NAME = "$(TARGET_NAME)";
				SWIFT_EMIT_LOC_STRINGS = YES;
				SWIFT_VERSION = 5.0;
				TARGETED_DEVICE_FAMILY = "1,2";
			};
			name = Debug;
		};
		C79C930C27BC62CF0063DCE4 /* Release */ = {
			isa = XCBuildConfiguration;
			baseConfigurationReference = 889F1FCF8F3EDF31A264A38E /* Pods-Charts-Tutorial.release.xcconfig */;
			buildSettings = {
				ASSETCATALOG_COMPILER_APPICON_NAME = AppIcon;
				ASSETCATALOG_COMPILER_GLOBAL_ACCENT_COLOR_NAME = AccentColor;
				CODE_SIGN_STYLE = Automatic;
				CURRENT_PROJECT_VERSION = 1;
				DEVELOPMENT_TEAM = S6R55N8Z8S;
				GENERATE_INFOPLIST_FILE = YES;
				INFOPLIST_FILE = "Charts-Tutorial/Info.plist";
				INFOPLIST_KEY_UIApplicationSupportsIndirectInputEvents = YES;
				INFOPLIST_KEY_UILaunchStoryboardName = LaunchScreen;
				INFOPLIST_KEY_UIMainStoryboardFile = Main;
				INFOPLIST_KEY_UISupportedInterfaceOrientations_iPad = "UIInterfaceOrientationPortrait UIInterfaceOrientationPortraitUpsideDown UIInterfaceOrientationLandscapeLeft UIInterfaceOrientationLandscapeRight";
				INFOPLIST_KEY_UISupportedInterfaceOrientations_iPhone = "UIInterfaceOrientationPortrait UIInterfaceOrientationLandscapeLeft UIInterfaceOrientationLandscapeRight";
				IPHONEOS_DEPLOYMENT_TARGET = 15.0;
				LD_RUNPATH_SEARCH_PATHS = (
					"$(inherited)",
					"@executable_path/Frameworks",
				);
				MARKETING_VERSION = 1.0;
				PRODUCT_BUNDLE_IDENTIFIER = "com.karteikaydhuper.Charts-Tutorial";
				PRODUCT_NAME = "$(TARGET_NAME)";
				SWIFT_EMIT_LOC_STRINGS = YES;
				SWIFT_VERSION = 5.0;
				TARGETED_DEVICE_FAMILY = "1,2";
			};
			name = Release;
		};
/* End XCBuildConfiguration section */

/* Begin XCConfigurationList section */
		C79C92F127BC62CD0063DCE4 /* Build configuration list for PBXProject "Charts-Tutorial" */ = {
			isa = XCConfigurationList;
			buildConfigurations = (
				C79C930827BC62CF0063DCE4 /* Debug */,
				C79C930927BC62CF0063DCE4 /* Release */,
			);
			defaultConfigurationIsVisible = 0;
			defaultConfigurationName = Release;
		};
		C79C930A27BC62CF0063DCE4 /* Build configuration list for PBXNativeTarget "Charts-Tutorial" */ = {
			isa = XCConfigurationList;
			buildConfigurations = (
				C79C930B27BC62CF0063DCE4 /* Debug */,
				C79C930C27BC62CF0063DCE4 /* Release */,
			);
			defaultConfigurationIsVisible = 0;
			defaultConfigurationName = Release;
		};
/* End XCConfigurationList section */
	};
	rootObject = C79C92EE27BC62CD0063DCE4 /* Project object */;
}
